
Microsoft Visual Studio Solution File, Format Version 12.00
# Visual Studio Version 16
VisualStudioVersion = 16.0.29926.136
MinimumVisualStudioVersion = 10.0.40219.1
Project("{FAE04EC0-301F-11D3-BF4B-00C04F79EFBC}") = "x12", "x12.csproj", "{81D373BA-73BD-4291-BEEC-02B4EAA43B98}"
EndProject
Global
	GlobalSection(SolutionConfigurationPlatforms) = preSolution
		Debug|Any CPU = Debug|Any CPU
		Release|Any CPU = Release|Any CPU
	EndGlobalSection
	GlobalSection(ProjectConfigurationPlatforms) = postSolution
		{81D373BA-73BD-4291-BEEC-02B4EAA43B98}.Debug|Any CPU.ActiveCfg = Debug|Any CPU
		{81D373BA-73BD-4291-BEEC-02B4EAA43B98}.Debug|Any CPU.Build.0 = Debug|Any CPU
		{81D373BA-73BD-4291-BEEC-02B4EAA43B98}.Release|Any CPU.ActiveCfg = Release|Any CPU
		{81D373BA-73BD-4291-BEEC-02B4EAA43B98}.Release|Any CPU.Build.0 = Release|Any CPU
	EndGlobalSection
	GlobalSection(SolutionProperties) = preSolution
		HideSolutionNode = FALSE
	EndGlobalSection
	GlobalSection(ExtensibilityGlobals) = postSolution
		SolutionGuid = {62AB2FAE-9227-4E5D-9E9A-E49D27DD4E8D}
	EndGlobalSection
EndGlobal
